
Microsoft Visual Studio Solution File, Format Version 12.00
# Visual Studio Version 17
VisualStudioVersion = 17.9.34622.214
MinimumVisualStudioVersion = 10.0.40219.1
Project("{FAE04EC0-301F-11D3-BF4B-00C04F79EFBC}") = "KenshiMultiplayer", "Kenshi-Online\KenshiMultiplayer.csproj", "{3EA06FD5-DA0D-4F30-B935-7D8FB998FF5C}"
EndProject
Project("{8BC9CEB8-8B4A-11D0-8D11-00A0C91BC942}") = "KenshiOnlineMod", "KenshiOnlineMod\KenshiOnlineMod.vcxproj", "{B8A2E8F1-5C9D-4E3A-8F1B-2D3C4E5F6A7B}"
EndProject
Global
	GlobalSection(SolutionConfigurationPlatforms) = preSolution
		Debug|Any CPU = Debug|Any CPU
		Debug|x64 = Debug|x64
		Release|Any CPU = Release|Any CPU
		Release|x64 = Release|x64
	EndGlobalSection
	GlobalSection(ProjectConfigurationPlatforms) = postSolution
		{3EA06FD5-DA0D-4F30-B935-7D8FB998FF5C}.Debug|Any CPU.ActiveCfg = Debug|Any CPU
		{3EA06FD5-DA0D-4F30-B935-7D8FB998FF5C}.Debug|Any CPU.Build.0 = Debug|Any CPU
		{3EA06FD5-DA0D-4F30-B935-7D8FB998FF5C}.Debug|x64.ActiveCfg = Debug|Any CPU
		{3EA06FD5-DA0D-4F30-B935-7D8FB998FF5C}.Debug|x64.Build.0 = Debug|Any CPU
		{3EA06FD5-DA0D-4F30-B935-7D8FB998FF5C}.Release|Any CPU.ActiveCfg = Release|Any CPU
		{3EA06FD5-DA0D-4F30-B935-7D8FB998FF5C}.Release|Any CPU.Build.0 = Release|Any CPU
		{3EA06FD5-DA0D-4F30-B935-7D8FB998FF5C}.Release|x64.ActiveCfg = Release|Any CPU
		{3EA06FD5-DA0D-4F30-B935-7D8FB998FF5C}.Release|x64.Build.0 = Release|Any CPU
		{B8A2E8F1-5C9D-4E3A-8F1B-2D3C4E5F6A7B}.Debug|Any CPU.ActiveCfg = Debug|x64
		{B8A2E8F1-5C9D-4E3A-8F1B-2D3C4E5F6A7B}.Debug|x64.ActiveCfg = Debug|x64
		{B8A2E8F1-5C9D-4E3A-8F1B-2D3C4E5F6A7B}.Debug|x64.Build.0 = Debug|x64
		{B8A2E8F1-5C9D-4E3A-8F1B-2D3C4E5F6A7B}.Release|Any CPU.ActiveCfg = Release|x64
		{B8A2E8F1-5C9D-4E3A-8F1B-2D3C4E5F6A7B}.Release|x64.ActiveCfg = Release|x64
		{B8A2E8F1-5C9D-4E3A-8F1B-2D3C4E5F6A7B}.Release|x64.Build.0 = Release|x64
	EndGlobalSection
	GlobalSection(SolutionProperties) = preSolution
		HideSolutionNode = FALSE
	EndGlobalSection
	GlobalSection(ExtensibilityGlobals) = postSolution
		SolutionGuid = {2DE1B7FC-ADF8-4EBF-97C1-4A9BCC526D10}
	EndGlobalSection
EndGlobal
